
Microsoft Visual Studio Solution File, Format Version 12.00
# Visual Studio 15
Project("{FAE04EC0-301F-11D3-BF4B-00C04F79EFBC}") = "Assembly-CSharp", "Assembly-CSharp.csproj", "{268B3E74-8EAB-7C52-136C-FA1319F22F88}"
EndProject
Project("{FAE04EC0-301F-11D3-BF4B-00C04F79EFBC}") = "NativeGallery.Runtime", "NativeGallery.Runtime.csproj", "{AB7E1F33-7D3F-7138-31D0-705AF5C1E7E7}"
EndProject
Project("{FAE04EC0-301F-11D3-BF4B-00C04F79EFBC}") = "Assembly-CSharp-firstpass", "Assembly-CSharp-firstpass.csproj", "{9EFBDBF8-9DA0-39CA-5C21-F9CE34978DE8}"
EndProject
Project("{FAE04EC0-301F-11D3-BF4B-00C04F79EFBC}") = "Assembly-CSharp-Editor", "Assembly-CSharp-Editor.csproj", "{AC7C6A5A-7187-73A5-7421-9FB881F996D0}"
EndProject
Project("{FAE04EC0-301F-11D3-BF4B-00C04F79EFBC}") = "NativeGallery.Editor", "NativeGallery.Editor.csproj", "{6BC94B43-3EC8-4E69-EC20-7D704A3106EE}"
EndProject
Global
	GlobalSection(SolutionConfigurationPlatforms) = preSolution
		Debug|Any CPU = Debug|Any CPU
		Release|Any CPU = Release|Any CPU
	EndGlobalSection
	GlobalSection(ProjectConfigurationPlatforms) = postSolution
		{268B3E74-8EAB-7C52-136C-FA1319F22F88}.Debug|Any CPU.ActiveCfg = Debug|Any CPU
		{268B3E74-8EAB-7C52-136C-FA1319F22F88}.Debug|Any CPU.Build.0 = Debug|Any CPU
		{268B3E74-8EAB-7C52-136C-FA1319F22F88}.Release|Any CPU.ActiveCfg = Release|Any CPU
		{268B3E74-8EAB-7C52-136C-FA1319F22F88}.Release|Any CPU.Build.0 = Release|Any CPU
		{AB7E1F33-7D3F-7138-31D0-705AF5C1E7E7}.Debug|Any CPU.ActiveCfg = Debug|Any CPU
		{AB7E1F33-7D3F-7138-31D0-705AF5C1E7E7}.Debug|Any CPU.Build.0 = Debug|Any CPU
		{AB7E1F33-7D3F-7138-31D0-705AF5C1E7E7}.Release|Any CPU.ActiveCfg = Release|Any CPU
		{AB7E1F33-7D3F-7138-31D0-705AF5C1E7E7}.Release|Any CPU.Build.0 = Release|Any CPU
		{9EFBDBF8-9DA0-39CA-5C21-F9CE34978DE8}.Debug|Any CPU.ActiveCfg = Debug|Any CPU
		{9EFBDBF8-9DA0-39CA-5C21-F9CE34978DE8}.Debug|Any CPU.Build.0 = Debug|Any CPU
		{9EFBDBF8-9DA0-39CA-5C21-F9CE34978DE8}.Release|Any CPU.ActiveCfg = Release|Any CPU
		{9EFBDBF8-9DA0-39CA-5C21-F9CE34978DE8}.Release|Any CPU.Build.0 = Release|Any CPU
		{AC7C6A5A-7187-73A5-7421-9FB881F996D0}.Debug|Any CPU.ActiveCfg = Debug|Any CPU
		{AC7C6A5A-7187-73A5-7421-9FB881F996D0}.Debug|Any CPU.Build.0 = Debug|Any CPU
		{AC7C6A5A-7187-73A5-7421-9FB881F996D0}.Release|Any CPU.ActiveCfg = Release|Any CPU
		{AC7C6A5A-7187-73A5-7421-9FB881F996D0}.Release|Any CPU.Build.0 = Release|Any CPU
		{6BC94B43-3EC8-4E69-EC20-7D704A3106EE}.Debug|Any CPU.ActiveCfg = Debug|Any CPU
		{6BC94B43-3EC8-4E69-EC20-7D704A3106EE}.Debug|Any CPU.Build.0 = Debug|Any CPU
		{6BC94B43-3EC8-4E69-EC20-7D704A3106EE}.Release|Any CPU.ActiveCfg = Release|Any CPU
		{6BC94B43-3EC8-4E69-EC20-7D704A3106EE}.Release|Any CPU.Build.0 = Release|Any CPU
	EndGlobalSection
	GlobalSection(SolutionProperties) = preSolution
		HideSolutionNode = FALSE
	EndGlobalSection
EndGlobal
